// !$*UTF8*$!
{
	archiveVersion = 1;
	classes = {
	};
	objectVersion = 56;
	objects = {

/* Begin PBXBuildFile section */
		0BD2DCEA292C6D1F0079157A /* AppDelegate.swift in Sources */ = {isa = PBXBuildFile; fileRef = 0BD2DCE9292C6D1F0079157A /* AppDelegate.swift */; };
		0BD2DCEC292C6D1F0079157A /* SceneDelegate.swift in Sources */ = {isa = PBXBuildFile; fileRef = 0BD2DCEB292C6D1F0079157A /* SceneDelegate.swift */; };
		0BD2DCEE292C6D1F0079157A /* ViewController.swift in Sources */ = {isa = PBXBuildFile; fileRef = 0BD2DCED292C6D1F0079157A /* ViewController.swift */; };
		0BD2DCF1292C6D1F0079157A /* Main.storyboard in Resources */ = {isa = PBXBuildFile; fileRef = 0BD2DCEF292C6D1F0079157A /* Main.storyboard */; };
		0BD2DCF3292C6D200079157A /* Assets.xcassets in Resources */ = {isa = PBXBuildFile; fileRef = 0BD2DCF2292C6D200079157A /* Assets.xcassets */; };
		0BD2DCF6292C6D200079157A /* LaunchScreen.storyboard in Resources */ = {isa = PBXBuildFile; fileRef = 0BD2DCF4292C6D200079157A /* LaunchScreen.storyboard */; };
		0BD2DD01292C6D200079157A /* TodayTests.swift in Sources */ = {isa = PBXBuildFile; fileRef = 0BD2DD00292C6D200079157A /* TodayTests.swift */; };
		0BD2DD0B292C6D200079157A /* TodayUITests.swift in Sources */ = {isa = PBXBuildFile; fileRef = 0BD2DD0A292C6D200079157A /* TodayUITests.swift */; };
		0BD2DD0D292C6D200079157A /* TodayUITestsLaunchTests.swift in Sources */ = {isa = PBXBuildFile; fileRef = 0BD2DD0C292C6D200079157A /* TodayUITestsLaunchTests.swift */; };
/* End PBXBuildFile section */

/* Begin PBXContainerItemProxy section */
		0BD2DCFD292C6D200079157A /* PBXContainerItemProxy */ = {
			isa = PBXContainerItemProxy;
			containerPortal = 0BD2DCDE292C6D1F0079157A /* Project object */;
			proxyType = 1;
			remoteGlobalIDString = 0BD2DCE5292C6D1F0079157A;
			remoteInfo = Today;
		};
		0BD2DD07292C6D200079157A /* PBXContainerItemProxy */ = {
			isa = PBXContainerItemProxy;
			containerPortal = 0BD2DCDE292C6D1F0079157A /* Project object */;
			proxyType = 1;
			remoteGlobalIDString = 0BD2DCE5292C6D1F0079157A;
			remoteInfo = Today;
		};
/* End PBXContainerItemProxy section */

/* Begin PBXFileReference section */
		0BD2DCE6292C6D1F0079157A /* Today.app */ = {isa = PBXFileReference; explicitFileType = wrapper.application; includeInIndex = 0; path = Today.app; sourceTree = BUILT_PRODUCTS_DIR; };
		0BD2DCE9292C6D1F0079157A /* AppDelegate.swift */ = {isa = PBXFileReference; lastKnownFileType = sourcecode.swift; path = AppDelegate.swift; sourceTree = "<group>"; };
		0BD2DCEB292C6D1F0079157A /* SceneDelegate.swift */ = {isa = PBXFileReference; lastKnownFileType = sourcecode.swift; path = SceneDelegate.swift; sourceTree = "<group>"; };
		0BD2DCED292C6D1F0079157A /* ViewController.swift */ = {isa = PBXFileReference; lastKnownFileType = sourcecode.swift; path = ViewController.swift; sourceTree = "<group>"; };
		0BD2DCF0292C6D1F0079157A /* Base */ = {isa = PBXFileReference; lastKnownFileType = file.storyboard; name = Base; path = Base.lproj/Main.storyboard; sourceTree = "<group>"; };
		0BD2DCF2292C6D200079157A /* Assets.xcassets */ = {isa = PBXFileReference; lastKnownFileType = folder.assetcatalog; path = Assets.xcassets; sourceTree = "<group>"; };
		0BD2DCF5292C6D200079157A /* Base */ = {isa = PBXFileReference; lastKnownFileType = file.storyboard; name = Base; path = Base.lproj/LaunchScreen.storyboard; sourceTree = "<group>"; };
		0BD2DCF7292C6D200079157A /* Info.plist */ = {isa = PBXFileReference; lastKnownFileType = text.plist.xml; path = Info.plist; sourceTree = "<group>"; };
		0BD2DCFC292C6D200079157A /* TodayTests.xctest */ = {isa = PBXFileReference; explicitFileType = wrapper.cfbundle; includeInIndex = 0; path = TodayTests.xctest; sourceTree = BUILT_PRODUCTS_DIR; };
		0BD2DD00292C6D200079157A /* TodayTests.swift */ = {isa = PBXFileReference; lastKnownFileType = sourcecode.swift; path = TodayTests.swift; sourceTree = "<group>"; };
		0BD2DD06292C6D200079157A /* TodayUITests.xctest */ = {isa = PBXFileReference; explicitFileType = wrapper.cfbundle; includeInIndex = 0; path = TodayUITests.xctest; sourceTree = BUILT_PRODUCTS_DIR; };
		0BD2DD0A292C6D200079157A /* TodayUITests.swift */ = {isa = PBXFileReference; lastKnownFileType = sourcecode.swift; path = TodayUITests.swift; sourceTree = "<group>"; };
		0BD2DD0C292C6D200079157A /* TodayUITestsLaunchTests.swift */ = {isa = PBXFileReference; lastKnownFileType = sourcecode.swift; path = TodayUITestsLaunchTests.swift; sourceTree = "<group>"; };
/* End PBXFileReference section */

/* Begin PBXFrameworksBuildPhase section */
		0BD2DCE3292C6D1F0079157A /* Frameworks */ = {
			isa = PBXFrameworksBuildPhase;
			buildActionMask = 2147483647;
			files = (
			);
			runOnlyForDeploymentPostprocessing = 0;
		};
		0BD2DCF9292C6D200079157A /* Frameworks */ = {
			isa = PBXFrameworksBuildPhase;
			buildActionMask = 2147483647;
			files = (
			);
			runOnlyForDeploymentPostprocessing = 0;
		};
		0BD2DD03292C6D200079157A /* Frameworks */ = {
			isa = PBXFrameworksBuildPhase;
			buildActionMask = 2147483647;
			files = (
			);
			runOnlyForDeploymentPostprocessing = 0;
		};
/* End PBXFrameworksBuildPhase section */

/* Begin PBXGroup section */
		0BD2DCDD292C6D1F0079157A = {
			isa = PBXGroup;
			children = (
				0BD2DCE8292C6D1F0079157A /* Today */,
				0BD2DCFF292C6D200079157A /* TodayTests */,
				0BD2DD09292C6D200079157A /* TodayUITests */,
				0BD2DCE7292C6D1F0079157A /* Products */,
			);
			sourceTree = "<group>";
		};
		0BD2DCE7292C6D1F0079157A /* Products */ = {
			isa = PBXGroup;
			children = (
				0BD2DCE6292C6D1F0079157A /* Today.app */,
				0BD2DCFC292C6D200079157A /* TodayTests.xctest */,
				0BD2DD06292C6D200079157A /* TodayUITests.xctest */,
			);
			name = Products;
			sourceTree = "<group>";
		};
		0BD2DCE8292C6D1F0079157A /* Today */ = {
			isa = PBXGroup;
			children = (
				0BD2DCE9292C6D1F0079157A /* AppDelegate.swift */,
				0BD2DCEB292C6D1F0079157A /* SceneDelegate.swift */,
				0BD2DCED292C6D1F0079157A /* ViewController.swift */,
				0BD2DCEF292C6D1F0079157A /* Main.storyboard */,
				0BD2DCF2292C6D200079157A /* Assets.xcassets */,
				0BD2DCF4292C6D200079157A /* LaunchScreen.storyboard */,
				0BD2DCF7292C6D200079157A /* Info.plist */,
			);
			path = Today;
			sourceTree = "<group>";
		};
		0BD2DCFF292C6D200079157A /* TodayTests */ = {
			isa = PBXGroup;
			children = (
				0BD2DD00292C6D200079157A /* TodayTests.swift */,
			);
			path = TodayTests;
			sourceTree = "<group>";
		};
		0BD2DD09292C6D200079157A /* TodayUITests */ = {
			isa = PBXGroup;
			children = (
				0BD2DD0A292C6D200079157A /* TodayUITests.swift */,
				0BD2DD0C292C6D200079157A /* TodayUITestsLaunchTests.swift */,
			);
			path = TodayUITests;
			sourceTree = "<group>";
		};
/* End PBXGroup section */

/* Begin PBXNativeTarget section */
		0BD2DCE5292C6D1F0079157A /* Today */ = {
			isa = PBXNativeTarget;
			buildConfigurationList = 0BD2DD10292C6D200079157A /* Build configuration list for PBXNativeTarget "Today" */;
			buildPhases = (
				0BD2DCE2292C6D1F0079157A /* Sources */,
				0BD2DCE3292C6D1F0079157A /* Frameworks */,
				0BD2DCE4292C6D1F0079157A /* Resources */,
			);
			buildRules = (
			);
			dependencies = (
			);
			name = Today;
			productName = Today;
			productReference = 0BD2DCE6292C6D1F0079157A /* Today.app */;
			productType = "com.apple.product-type.application";
		};
		0BD2DCFB292C6D200079157A /* TodayTests */ = {
			isa = PBXNativeTarget;
			buildConfigurationList = 0BD2DD13292C6D200079157A /* Build configuration list for PBXNativeTarget "TodayTests" */;
			buildPhases = (
				0BD2DCF8292C6D200079157A /* Sources */,
				0BD2DCF9292C6D200079157A /* Frameworks */,
				0BD2DCFA292C6D200079157A /* Resources */,
			);
			buildRules = (
			);
			dependencies = (
				0BD2DCFE292C6D200079157A /* PBXTargetDependency */,
			);
			name = TodayTests;
			productName = TodayTests;
			productReference = 0BD2DCFC292C6D200079157A /* TodayTests.xctest */;
			productType = "com.apple.product-type.bundle.unit-test";
		};
		0BD2DD05292C6D200079157A /* TodayUITests */ = {
			isa = PBXNativeTarget;
			buildConfigurationList = 0BD2DD16292C6D200079157A /* Build configuration list for PBXNativeTarget "TodayUITests" */;
			buildPhases = (
				0BD2DD02292C6D200079157A /* Sources */,
				0BD2DD03292C6D200079157A /* Frameworks */,
				0BD2DD04292C6D200079157A /* Resources */,
			);
			buildRules = (
			);
			dependencies = (
				0BD2DD08292C6D200079157A /* PBXTargetDependency */,
			);
			name = TodayUITests;
			productName = TodayUITests;
			productReference = 0BD2DD06292C6D200079157A /* TodayUITests.xctest */;
			productType = "com.apple.product-type.bundle.ui-testing";
		};
/* End PBXNativeTarget section */

/* Begin PBXProject section */
		0BD2DCDE292C6D1F0079157A /* Project object */ = {
			isa = PBXProject;
			attributes = {
				BuildIndependentTargetsInParallel = 1;
				LastSwiftUpdateCheck = 1410;
				LastUpgradeCheck = 1410;
				TargetAttributes = {
					0BD2DCE5292C6D1F0079157A = {
						CreatedOnToolsVersion = 14.1;
					};
					0BD2DCFB292C6D200079157A = {
						CreatedOnToolsVersion = 14.1;
						TestTargetID = 0BD2DCE5292C6D1F0079157A;
					};
					0BD2DD05292C6D200079157A = {
						CreatedOnToolsVersion = 14.1;
						TestTargetID = 0BD2DCE5292C6D1F0079157A;
					};
				};
			};
			buildConfigurationList = 0BD2DCE1292C6D1F0079157A /* Build configuration list for PBXProject "Today" */;
			compatibilityVersion = "Xcode 14.0";
			developmentRegion = en;
			hasScannedForEncodings = 0;
			knownRegions = (
				en,
				Base,
			);
			mainGroup = 0BD2DCDD292C6D1F0079157A;
			productRefGroup = 0BD2DCE7292C6D1F0079157A /* Products */;
			projectDirPath = "";
			projectRoot = "";
			targets = (
				0BD2DCE5292C6D1F0079157A /* Today */,
				0BD2DCFB292C6D200079157A /* TodayTests */,
				0BD2DD05292C6D200079157A /* TodayUITests */,
			);
		};
/* End PBXProject section */

/* Begin PBXResourcesBuildPhase section */
		0BD2DCE4292C6D1F0079157A /* Resources */ = {
			isa = PBXResourcesBuildPhase;
			buildActionMask = 2147483647;
			files = (
				0BD2DCF6292C6D200079157A /* LaunchScreen.storyboard in Resources */,
				0BD2DCF3292C6D200079157A /* Assets.xcassets in Resources */,
				0BD2DCF1292C6D1F0079157A /* Main.storyboard in Resources */,
			);
			runOnlyForDeploymentPostprocessing = 0;
		};
		0BD2DCFA292C6D200079157A /* Resources */ = {
			isa = PBXResourcesBuildPhase;
			buildActionMask = 2147483647;
			files = (
			);
			runOnlyForDeploymentPostprocessing = 0;
		};
		0BD2DD04292C6D200079157A /* Resources */ = {
			isa = PBXResourcesBuildPhase;
			buildActionMask = 2147483647;
			files = (
			);
			runOnlyForDeploymentPostprocessing = 0;
		};
/* End PBXResourcesBuildPhase section */

/* Begin PBXSourcesBuildPhase section */
		0BD2DCE2292C6D1F0079157A /* Sources */ = {
			isa = PBXSourcesBuildPhase;
			buildActionMask = 2147483647;
			files = (
				0BD2DCEE292C6D1F0079157A /* ViewController.swift in Sources */,
				0BD2DCEA292C6D1F0079157A /* AppDelegate.swift in Sources */,
				0BD2DCEC292C6D1F0079157A /* SceneDelegate.swift in Sources */,
			);
			runOnlyForDeploymentPostprocessing = 0;
		};
		0BD2DCF8292C6D200079157A /* Sources */ = {
			isa = PBXSourcesBuildPhase;
			buildActionMask = 2147483647;
			files = (
				0BD2DD01292C6D200079157A /* TodayTests.swift in Sources */,
			);
			runOnlyForDeploymentPostprocessing = 0;
		};
		0BD2DD02292C6D200079157A /* Sources */ = {
			isa = PBXSourcesBuildPhase;
			buildActionMask = 2147483647;
			files = (
				0BD2DD0D292C6D200079157A /* TodayUITestsLaunchTests.swift in Sources */,
				0BD2DD0B292C6D200079157A /* TodayUITests.swift in Sources */,
			);
			runOnlyForDeploymentPostprocessing = 0;
		};
/* End PBXSourcesBuildPhase section */

/* Begin PBXTargetDependency section */
		0BD2DCFE292C6D200079157A /* PBXTargetDependency */ = {
			isa = PBXTargetDependency;
			target = 0BD2DCE5292C6D1F0079157A /* Today */;
			targetProxy = 0BD2DCFD292C6D200079157A /* PBXContainerItemProxy */;
		};
		0BD2DD08292C6D200079157A /* PBXTargetDependency */ = {
			isa = PBXTargetDependency;
			target = 0BD2DCE5292C6D1F0079157A /* Today */;
			targetProxy = 0BD2DD07292C6D200079157A /* PBXContainerItemProxy */;
		};
/* End PBXTargetDependency section */

/* Begin PBXVariantGroup section */
		0BD2DCEF292C6D1F0079157A /* Main.storyboard */ = {
			isa = PBXVariantGroup;
			children = (
				0BD2DCF0292C6D1F0079157A /* Base */,
			);
			name = Main.storyboard;
			sourceTree = "<group>";
		};
		0BD2DCF4292C6D200079157A /* LaunchScreen.storyboard */ = {
			isa = PBXVariantGroup;
			children = (
				0BD2DCF5292C6D200079157A /* Base */,
			);
			name = LaunchScreen.storyboard;
			sourceTree = "<group>";
		};
/* End PBXVariantGroup section */

/* Begin XCBuildConfiguration section */
		0BD2DD0E292C6D200079157A /* Debug */ = {
			isa = XCBuildConfiguration;
			buildSettings = {
				ALWAYS_SEARCH_USER_PATHS = NO;
				CLANG_ANALYZER_NONNULL = YES;
				CLANG_ANALYZER_NUMBER_OBJECT_CONVERSION = YES_AGGRESSIVE;
				CLANG_CXX_LANGUAGE_STANDARD = "gnu++20";
				CLANG_ENABLE_MODULES = YES;
				CLANG_ENABLE_OBJC_ARC = YES;
				CLANG_ENABLE_OBJC_WEAK = YES;
				CLANG_WARN_BLOCK_CAPTURE_AUTORELEASING = YES;
				CLANG_WARN_BOOL_CONVERSION = YES;
				CLANG_WARN_COMMA = YES;
				CLANG_WARN_CONSTANT_CONVERSION = YES;
				CLANG_WARN_DEPRECATED_OBJC_IMPLEMENTATIONS = YES;
				CLANG_WARN_DIRECT_OBJC_ISA_USAGE = YES_ERROR;
				CLANG_WARN_DOCUMENTATION_COMMENTS = YES;
				CLANG_WARN_EMPTY_BODY = YES;
				CLANG_WARN_ENUM_CONVERSION = YES;
				CLANG_WARN_INFINITE_RECURSION = YES;
				CLANG_WARN_INT_CONVERSION = YES;
				CLANG_WARN_NON_LITERAL_NULL_CONVERSION = YES;
				CLANG_WARN_OBJC_IMPLICIT_RETAIN_SELF = YES;
				CLANG_WARN_OBJC_LITERAL_CONVERSION = YES;
				CLANG_WARN_OBJC_ROOT_CLASS = YES_ERROR;
				CLANG_WARN_QUOTED_INCLUDE_IN_FRAMEWORK_HEADER = YES;
				CLANG_WARN_RANGE_LOOP_ANALYSIS = YES;
				CLANG_WARN_STRICT_PROTOTYPES = YES;
				CLANG_WARN_SUSPICIOUS_MOVE = YES;
				CLANG_WARN_UNGUARDED_AVAILABILITY = YES_AGGRESSIVE;
				CLANG_WARN_UNREACHABLE_CODE = YES;
				CLANG_WARN__DUPLICATE_METHOD_MATCH = YES;
				COPY_PHASE_STRIP = NO;
				DEBUG_INFORMATION_FORMAT = dwarf;
				ENABLE_STRICT_OBJC_MSGSEND = YES;
				ENABLE_TESTABILITY = YES;
				GCC_C_LANGUAGE_STANDARD = gnu11;
				GCC_DYNAMIC_NO_PIC = NO;
				GCC_NO_COMMON_BLOCKS = YES;
				GCC_OPTIMIZATION_LEVEL = 0;
				GCC_PREPROCESSOR_DEFINITIONS = (
					"DEBUG=1",
					"$(inherited)",
				);
				GCC_WARN_64_TO_32_BIT_CONVERSION = YES;
				GCC_WARN_ABOUT_RETURN_TYPE = YES_ERROR;
				GCC_WARN_UNDECLARED_SELECTOR = YES;
				GCC_WARN_UNINITIALIZED_AUTOS = YES_AGGRESSIVE;
				GCC_WARN_UNUSED_FUNCTION = YES;
				GCC_WARN_UNUSED_VARIABLE = YES;
				IPHONEOS_DEPLOYMENT_TARGET = 16.1;
				MTL_ENABLE_DEBUG_INFO = INCLUDE_SOURCE;
				MTL_FAST_MATH = YES;
				ONLY_ACTIVE_ARCH = YES;
				SDKROOT = iphoneos;
				SWIFT_ACTIVE_COMPILATION_CONDITIONS = DEBUG;
				SWIFT_OPTIMIZATION_LEVEL = "-Onone";
			};
			name = Debug;
		};
		0BD2DD0F292C6D200079157A /* Release */ = {
			isa = XCBuildConfiguration;
			buildSettings = {
				ALWAYS_SEARCH_USER_PATHS = NO;
				CLANG_ANALYZER_NONNULL = YES;
				CLANG_ANALYZER_NUMBER_OBJECT_CONVERSION = YES_AGGRESSIVE;
				CLANG_CXX_LANGUAGE_STANDARD = "gnu++20";
				CLANG_ENABLE_MODULES = YES;
				CLANG_ENABLE_OBJC_ARC = YES;
				CLANG_ENABLE_OBJC_WEAK = YES;
				CLANG_WARN_BLOCK_CAPTURE_AUTORELEASING = YES;
				CLANG_WARN_BOOL_CONVERSION = YES;
				CLANG_WARN_COMMA = YES;
				CLANG_WARN_CONSTANT_CONVERSION = YES;
				CLANG_WARN_DEPRECATED_OBJC_IMPLEMENTATIONS = YES;
				CLANG_WARN_DIRECT_OBJC_ISA_USAGE = YES_ERROR;
				CLANG_WARN_DOCUMENTATION_COMMENTS = YES;
				CLANG_WARN_EMPTY_BODY = YES;
				CLANG_WARN_ENUM_CONVERSION = YES;
				CLANG_WARN_INFINITE_RECURSION = YES;
				CLANG_WARN_INT_CONVERSION = YES;
				CLANG_WARN_NON_LITERAL_NULL_CONVERSION = YES;
				CLANG_WARN_OBJC_IMPLICIT_RETAIN_SELF = YES;
				CLANG_WARN_OBJC_LITERAL_CONVERSION = YES;
				CLANG_WARN_OBJC_ROOT_CLASS = YES_ERROR;
				CLANG_WARN_QUOTED_INCLUDE_IN_FRAMEWORK_HEADER = YES;
				CLANG_WARN_RANGE_LOOP_ANALYSIS = YES;
				CLANG_WARN_STRICT_PROTOTYPES = YES;
				CLANG_WARN_SUSPICIOUS_MOVE = YES;
				CLANG_WARN_UNGUARDED_AVAILABILITY = YES_AGGRESSIVE;
				CLANG_WARN_UNREACHABLE_CODE = YES;
				CLANG_WARN__DUPLICATE_METHOD_MATCH = YES;
				COPY_PHASE_STRIP = NO;
				DEBUG_INFORMATION_FORMAT = "dwarf-with-dsym";
				ENABLE_NS_ASSERTIONS = NO;
				ENABLE_STRICT_OBJC_MSGSEND = YES;
				GCC_C_LANGUAGE_STANDARD = gnu11;
				GCC_NO_COMMON_BLOCKS = YES;
				GCC_WARN_64_TO_32_BIT_CONVERSION = YES;
				GCC_WARN_ABOUT_RETURN_TYPE = YES_ERROR;
				GCC_WARN_UNDECLARED_SELECTOR = YES;
				GCC_WARN_UNINITIALIZED_AUTOS = YES_AGGRESSIVE;
				GCC_WARN_UNUSED_FUNCTION = YES;
				GCC_WARN_UNUSED_VARIABLE = YES;
				IPHONEOS_DEPLOYMENT_TARGET = 16.1;
				MTL_ENABLE_DEBUG_INFO = NO;
				MTL_FAST_MATH = YES;
				SDKROOT = iphoneos;
				SWIFT_COMPILATION_MODE = wholemodule;
				SWIFT_OPTIMIZATION_LEVEL = "-O";
				VALIDATE_PRODUCT = YES;
			};
			name = Release;
		};
		0BD2DD11292C6D200079157A /* Debug */ = {
			isa = XCBuildConfiguration;
			buildSettings = {
				ASSETCATALOG_COMPILER_APPICON_NAME = AppIcon;
				ASSETCATALOG_COMPILER_GLOBAL_ACCENT_COLOR_NAME = AccentColor;
				CODE_SIGN_STYLE = Automatic;
				CURRENT_PROJECT_VERSION = 1;
				DEVELOPMENT_TEAM = 8TXZ7W2TYZ;
				GENERATE_INFOPLIST_FILE = YES;
				INFOPLIST_FILE = Today/Info.plist;
				INFOPLIST_KEY_UIApplicationSupportsIndirectInputEvents = YES;
				INFOPLIST_KEY_UILaunchStoryboardName = LaunchScreen;
				INFOPLIST_KEY_UIMainStoryboardFile = Main;
				INFOPLIST_KEY_UISupportedInterfaceOrientations_iPad = "UIInterfaceOrientationPortrait UIInterfaceOrientationPortraitUpsideDown UIInterfaceOrientationLandscapeLeft UIInterfaceOrientationLandscapeRight";
				INFOPLIST_KEY_UISupportedInterfaceOrientations_iPhone = "UIInterfaceOrientationPortrait UIInterfaceOrientationLandscapeLeft UIInterfaceOrientationLandscapeRight";
				LD_RUNPATH_SEARCH_PATHS = (
					"$(inherited)",
					"@executable_path/Frameworks",
				);
				MARKETING_VERSION = 1.0;
				PRODUCT_BUNDLE_IDENTIFIER = joe.Today;
				PRODUCT_NAME = "$(TARGET_NAME)";
				SWIFT_EMIT_LOC_STRINGS = YES;
				SWIFT_VERSION = 5.0;
				TARGETED_DEVICE_FAMILY = "1,2";
			};
			name = Debug;
		};
		0BD2DD12292C6D200079157A /* Release */ = {
			isa = XCBuildConfiguration;
			buildSettings = {
				ASSETCATALOG_COMPILER_APPICON_NAME = AppIcon;
				ASSETCATALOG_COMPILER_GLOBAL_ACCENT_COLOR_NAME = AccentColor;
				CODE_SIGN_STYLE = Automatic;
				CURRENT_PROJECT_VERSION = 1;
				DEVELOPMENT_TEAM = 8TXZ7W2TYZ;
				GENERATE_INFOPLIST_FILE = YES;
				INFOPLIST_FILE = Today/Info.plist;
				INFOPLIST_KEY_UIApplicationSupportsIndirectInputEvents = YES;
				INFOPLIST_KEY_UILaunchStoryboardName = LaunchScreen;
				INFOPLIST_KEY_UIMainStoryboardFile = Main;
				INFOPLIST_KEY_UISupportedInterfaceOrientations_iPad = "UIInterfaceOrientationPortrait UIInterfaceOrientationPortraitUpsideDown UIInterfaceOrientationLandscapeLeft UIInterfaceOrientationLandscapeRight";
				INFOPLIST_KEY_UISupportedInterfaceOrientations_iPhone = "UIInterfaceOrientationPortrait UIInterfaceOrientationLandscapeLeft UIInterfaceOrientationLandscapeRight";
				LD_RUNPATH_SEARCH_PATHS = (
					"$(inherited)",
					"@executable_path/Frameworks",
				);
				MARKETING_VERSION = 1.0;
				PRODUCT_BUNDLE_IDENTIFIER = joe.Today;
				PRODUCT_NAME = "$(TARGET_NAME)";
				SWIFT_EMIT_LOC_STRINGS = YES;
				SWIFT_VERSION = 5.0;
				TARGETED_DEVICE_FAMILY = "1,2";
			};
			name = Release;
		};
		0BD2DD14292C6D200079157A /* Debug */ = {
			isa = XCBuildConfiguration;
			buildSettings = {
				ALWAYS_EMBED_SWIFT_STANDARD_LIBRARIES = YES;
				BUNDLE_LOADER = "$(TEST_HOST)";
				CODE_SIGN_STYLE = Automatic;
				CURRENT_PROJECT_VERSION = 1;
				DEVELOPMENT_TEAM = 8TXZ7W2TYZ;
				GENERATE_INFOPLIST_FILE = YES;
				IPHONEOS_DEPLOYMENT_TARGET = 16.1;
				MARKETING_VERSION = 1.0;
				PRODUCT_BUNDLE_IDENTIFIER = joe.TodayTests;
				PRODUCT_NAME = "$(TARGET_NAME)";
				SWIFT_EMIT_LOC_STRINGS = NO;
				SWIFT_VERSION = 5.0;
				TARGETED_DEVICE_FAMILY = "1,2";
				TEST_HOST = "$(BUILT_PRODUCTS_DIR)/Today.app/$(BUNDLE_EXECUTABLE_FOLDER_PATH)/Today";
			};
			name = Debug;
		};
		0BD2DD15292C6D200079157A /* Release */ = {
			isa = XCBuildConfiguration;
			buildSettings = {
				ALWAYS_EMBED_SWIFT_STANDARD_LIBRARIES = YES;
				BUNDLE_LOADER = "$(TEST_HOST)";
				CODE_SIGN_STYLE = Automatic;
				CURRENT_PROJECT_VERSION = 1;
				DEVELOPMENT_TEAM = 8TXZ7W2TYZ;
				GENERATE_INFOPLIST_FILE = YES;
				IPHONEOS_DEPLOYMENT_TARGET = 16.1;
				MARKETING_VERSION = 1.0;
				PRODUCT_BUNDLE_IDENTIFIER = joe.TodayTests;
				PRODUCT_NAME = "$(TARGET_NAME)";
				SWIFT_EMIT_LOC_STRINGS = NO;
				SWIFT_VERSION = 5.0;
				TARGETED_DEVICE_FAMILY = "1,2";
				TEST_HOST = "$(BUILT_PRODUCTS_DIR)/Today.app/$(BUNDLE_EXECUTABLE_FOLDER_PATH)/Today";
			};
			name = Release;
		};
		0BD2DD17292C6D200079157A /* Debug */ = {
			isa = XCBuildConfiguration;
			buildSettings = {
				ALWAYS_EMBED_SWIFT_STANDARD_LIBRARIES = YES;
				CODE_SIGN_STYLE = Automatic;
				CURRENT_PROJECT_VERSION = 1;
				DEVELOPMENT_TEAM = 8TXZ7W2TYZ;
				GENERATE_INFOPLIST_FILE = YES;
				MARKETING_VERSION = 1.0;
				PRODUCT_BUNDLE_IDENTIFIER = joe.TodayUITests;
				PRODUCT_NAME = "$(TARGET_NAME)";
				SWIFT_EMIT_LOC_STRINGS = NO;
				SWIFT_VERSION = 5.0;
				TARGETED_DEVICE_FAMILY = "1,2";
				TEST_TARGET_NAME = Today;
			};
			name = Debug;
		};
		0BD2DD18292C6D200079157A /* Release */ = {
			isa = XCBuildConfiguration;
			buildSettings = {
				ALWAYS_EMBED_SWIFT_STANDARD_LIBRARIES = YES;
				CODE_SIGN_STYLE = Automatic;
				CURRENT_PROJECT_VERSION = 1;
				DEVELOPMENT_TEAM = 8TXZ7W2TYZ;
				GENERATE_INFOPLIST_FILE = YES;
				MARKETING_VERSION = 1.0;
				PRODUCT_BUNDLE_IDENTIFIER = joe.TodayUITests;
				PRODUCT_NAME = "$(TARGET_NAME)";
				SWIFT_EMIT_LOC_STRINGS = NO;
				SWIFT_VERSION = 5.0;
				TARGETED_DEVICE_FAMILY = "1,2";
				TEST_TARGET_NAME = Today;
			};
			name = Release;
		};
/* End XCBuildConfiguration section */

/* Begin XCConfigurationList section */
		0BD2DCE1292C6D1F0079157A /* Build configuration list for PBXProject "Today" */ = {
			isa = XCConfigurationList;
			buildConfigurations = (
				0BD2DD0E292C6D200079157A /* Debug */,
				0BD2DD0F292C6D200079157A /* Release */,
			);
			defaultConfigurationIsVisible = 0;
			defaultConfigurationName = Release;
		};
		0BD2DD10292C6D200079157A /* Build configuration list for PBXNativeTarget "Today" */ = {
			isa = XCConfigurationList;
			buildConfigurations = (
				0BD2DD11292C6D200079157A /* Debug */,
				0BD2DD12292C6D200079157A /* Release */,
			);
			defaultConfigurationIsVisible = 0;
			defaultConfigurationName = Release;
		};
		0BD2DD13292C6D200079157A /* Build configuration list for PBXNativeTarget "TodayTests" */ = {
			isa = XCConfigurationList;
			buildConfigurations = (
				0BD2DD14292C6D200079157A /* Debug */,
				0BD2DD15292C6D200079157A /* Release */,
			);
			defaultConfigurationIsVisible = 0;
			defaultConfigurationName = Release;
		};
		0BD2DD16292C6D200079157A /* Build configuration list for PBXNativeTarget "TodayUITests" */ = {
			isa = XCConfigurationList;
			buildConfigurations = (
				0BD2DD17292C6D200079157A /* Debug */,
				0BD2DD18292C6D200079157A /* Release */,
			);
			defaultConfigurationIsVisible = 0;
			defaultConfigurationName = Release;
		};
/* End XCConfigurationList section */
	};
	rootObject = 0BD2DCDE292C6D1F0079157A /* Project object */;
}
